<Solution>
  <Project Path="RotoMonsterTwitter.API/RotoMonsterTwitter.API.csproj" />
  <Project Path="RotoMonsterTwitter.Client/RotoMonsterTwitter.Client.csproj" />
  <Project Path="RotoMonsterTwitter.Contracts/RotoMonsterTwitter.Contracts.csproj" />
  <Project Path="RotoMonsterTwitter.Model/RotoMonsterTwitter.Model.csproj" />
</Solution>
